
Microsoft Visual Studio Solution File, Format Version 12.00
# Visual Studio 15
VisualStudioVersion = 15.0.27130.2020
MinimumVisualStudioVersion = 10.0.40219.1
Project("{FAE04EC0-301F-11D3-BF4B-00C04F79EFBC}") = "complex prog", "complex prog\complex prog.csproj", "{AFA1C642-900D-43CE-83A3-2E3A6F175E76}"
EndProject
Global
	GlobalSection(SolutionConfigurationPlatforms) = preSolution
		Debug|Any CPU = Debug|Any CPU
		Release|Any CPU = Release|Any CPU
	EndGlobalSection
	GlobalSection(ProjectConfigurationPlatforms) = postSolution
		{AFA1C642-900D-43CE-83A3-2E3A6F175E76}.Debug|Any CPU.ActiveCfg = Debug|Any CPU
		{AFA1C642-900D-43CE-83A3-2E3A6F175E76}.Debug|Any CPU.Build.0 = Debug|Any CPU
		{AFA1C642-900D-43CE-83A3-2E3A6F175E76}.Release|Any CPU.ActiveCfg = Release|Any CPU
		{AFA1C642-900D-43CE-83A3-2E3A6F175E76}.Release|Any CPU.Build.0 = Release|Any CPU
	EndGlobalSection
	GlobalSection(SolutionProperties) = preSolution
		HideSolutionNode = FALSE
	EndGlobalSection
	GlobalSection(ExtensibilityGlobals) = postSolution
		SolutionGuid = {87F90914-08C9-41D8-BF49-65E97D5FB321}
	EndGlobalSection
EndGlobal
