
Microsoft Visual Studio Solution File, Format Version 12.00
# Visual Studio 15
VisualStudioVersion = 15.0.27130.2020
MinimumVisualStudioVersion = 10.0.40219.1
Project("{FAE04EC0-301F-11D3-BF4B-00C04F79EFBC}") = "task2", "task2\task2.csproj", "{65A5D24A-6DEA-444C-9A90-618CE5D11BFB}"
EndProject
Global
	GlobalSection(SolutionConfigurationPlatforms) = preSolution
		Debug|Any CPU = Debug|Any CPU
		Release|Any CPU = Release|Any CPU
	EndGlobalSection
	GlobalSection(ProjectConfigurationPlatforms) = postSolution
		{65A5D24A-6DEA-444C-9A90-618CE5D11BFB}.Debug|Any CPU.ActiveCfg = Debug|Any CPU
		{65A5D24A-6DEA-444C-9A90-618CE5D11BFB}.Debug|Any CPU.Build.0 = Debug|Any CPU
		{65A5D24A-6DEA-444C-9A90-618CE5D11BFB}.Release|Any CPU.ActiveCfg = Release|Any CPU
		{65A5D24A-6DEA-444C-9A90-618CE5D11BFB}.Release|Any CPU.Build.0 = Release|Any CPU
	EndGlobalSection
	GlobalSection(SolutionProperties) = preSolution
		HideSolutionNode = FALSE
	EndGlobalSection
	GlobalSection(ExtensibilityGlobals) = postSolution
		SolutionGuid = {10551FAF-1F6C-4259-8EB0-B3A947A4C0FA}
	EndGlobalSection
EndGlobal
